
Microsoft Visual Studio Solution File, Format Version 12.00
# Visual Studio Version 16
VisualStudioVersion = 16.0.30021.99
MinimumVisualStudioVersion = 10.0.40219.1
Project("{FAE04EC0-301F-11D3-BF4B-00C04F79EFBC}") = "Client", "Client\Client.csproj", "{7BB34D14-86F4-4394-934A-74AAA943196B}"
EndProject
Project("{FAE04EC0-301F-11D3-BF4B-00C04F79EFBC}") = "Server", "Viridityz\Server.csproj", "{C016F11C-6A80-4A81-9186-10A83A31D2E9}"
EndProject
Project("{FAE04EC0-301F-11D3-BF4B-00C04F79EFBC}") = "Share", "Share\Share.csproj", "{0AD180A4-1633-4E1E-BE31-020A19945526}"
EndProject
Global
	GlobalSection(SolutionConfigurationPlatforms) = preSolution
		Debug|Any CPU = Debug|Any CPU
		Release|Any CPU = Release|Any CPU
	EndGlobalSection
	GlobalSection(ProjectConfigurationPlatforms) = postSolution
		{7BB34D14-86F4-4394-934A-74AAA943196B}.Debug|Any CPU.ActiveCfg = Debug|Any CPU
		{7BB34D14-86F4-4394-934A-74AAA943196B}.Debug|Any CPU.Build.0 = Debug|Any CPU
		{7BB34D14-86F4-4394-934A-74AAA943196B}.Release|Any CPU.ActiveCfg = Release|Any CPU
		{7BB34D14-86F4-4394-934A-74AAA943196B}.Release|Any CPU.Build.0 = Release|Any CPU
		{C016F11C-6A80-4A81-9186-10A83A31D2E9}.Debug|Any CPU.ActiveCfg = Debug|Any CPU
		{C016F11C-6A80-4A81-9186-10A83A31D2E9}.Debug|Any CPU.Build.0 = Debug|Any CPU
		{C016F11C-6A80-4A81-9186-10A83A31D2E9}.Release|Any CPU.ActiveCfg = Release|Any CPU
		{C016F11C-6A80-4A81-9186-10A83A31D2E9}.Release|Any CPU.Build.0 = Release|Any CPU
		{0AD180A4-1633-4E1E-BE31-020A19945526}.Debug|Any CPU.ActiveCfg = Debug|Any CPU
		{0AD180A4-1633-4E1E-BE31-020A19945526}.Debug|Any CPU.Build.0 = Debug|Any CPU
		{0AD180A4-1633-4E1E-BE31-020A19945526}.Release|Any CPU.ActiveCfg = Release|Any CPU
		{0AD180A4-1633-4E1E-BE31-020A19945526}.Release|Any CPU.Build.0 = Release|Any CPU
	EndGlobalSection
	GlobalSection(SolutionProperties) = preSolution
		HideSolutionNode = FALSE
	EndGlobalSection
	GlobalSection(ExtensibilityGlobals) = postSolution
		SolutionGuid = {6D35D4DD-2CD4-4BB6-B6B7-4AC0D3DD51B4}
	EndGlobalSection
EndGlobal
